
Microsoft Visual Studio Solution File, Format Version 12.00
# Visual Studio Version 17
VisualStudioVersion = 17.5.2.0
MinimumVisualStudioVersion = 10.0.40219.1
Project("{FAE04EC0-301F-11D3-BF4B-00C04F79EFBC}") = "JobScheduler.FunctionApp", "JobScheduler.FunctionApp.csproj", "{5C4947A4-282F-BFC1-FAA7-CA1FEE2BB8BE}"
EndProject
Project("{FAE04EC0-301F-11D3-BF4B-00C04F79EFBC}") = "JobScheduler.FunctionApp.Tests", "JobScheduler.FunctionApp.Tests\JobScheduler.FunctionApp.Tests.csproj", "{CF65DB0B-60F2-4018-B961-E2ED779AF912}"
EndProject
Global
	GlobalSection(SolutionConfigurationPlatforms) = preSolution
		Debug|Any CPU = Debug|Any CPU
		Debug|x64 = Debug|x64
		Debug|x86 = Debug|x86
		Release|Any CPU = Release|Any CPU
		Release|x64 = Release|x64
		Release|x86 = Release|x86
	EndGlobalSection
	GlobalSection(ProjectConfigurationPlatforms) = postSolution
		{5C4947A4-282F-BFC1-FAA7-CA1FEE2BB8BE}.Debug|Any CPU.ActiveCfg = Debug|Any CPU
		{5C4947A4-282F-BFC1-FAA7-CA1FEE2BB8BE}.Debug|Any CPU.Build.0 = Debug|Any CPU
		{5C4947A4-282F-BFC1-FAA7-CA1FEE2BB8BE}.Debug|x64.ActiveCfg = Debug|Any CPU
		{5C4947A4-282F-BFC1-FAA7-CA1FEE2BB8BE}.Debug|x64.Build.0 = Debug|Any CPU
		{5C4947A4-282F-BFC1-FAA7-CA1FEE2BB8BE}.Debug|x86.ActiveCfg = Debug|Any CPU
		{5C4947A4-282F-BFC1-FAA7-CA1FEE2BB8BE}.Debug|x86.Build.0 = Debug|Any CPU
		{5C4947A4-282F-BFC1-FAA7-CA1FEE2BB8BE}.Release|Any CPU.ActiveCfg = Release|Any CPU
		{5C4947A4-282F-BFC1-FAA7-CA1FEE2BB8BE}.Release|Any CPU.Build.0 = Release|Any CPU
		{5C4947A4-282F-BFC1-FAA7-CA1FEE2BB8BE}.Release|x64.ActiveCfg = Release|Any CPU
		{5C4947A4-282F-BFC1-FAA7-CA1FEE2BB8BE}.Release|x64.Build.0 = Release|Any CPU
		{5C4947A4-282F-BFC1-FAA7-CA1FEE2BB8BE}.Release|x86.ActiveCfg = Release|Any CPU
		{5C4947A4-282F-BFC1-FAA7-CA1FEE2BB8BE}.Release|x86.Build.0 = Release|Any CPU
		{CF65DB0B-60F2-4018-B961-E2ED779AF912}.Debug|Any CPU.ActiveCfg = Debug|Any CPU
		{CF65DB0B-60F2-4018-B961-E2ED779AF912}.Debug|Any CPU.Build.0 = Debug|Any CPU
		{CF65DB0B-60F2-4018-B961-E2ED779AF912}.Debug|x64.ActiveCfg = Debug|Any CPU
		{CF65DB0B-60F2-4018-B961-E2ED779AF912}.Debug|x64.Build.0 = Debug|Any CPU
		{CF65DB0B-60F2-4018-B961-E2ED779AF912}.Debug|x86.ActiveCfg = Debug|Any CPU
		{CF65DB0B-60F2-4018-B961-E2ED779AF912}.Debug|x86.Build.0 = Debug|Any CPU
		{CF65DB0B-60F2-4018-B961-E2ED779AF912}.Release|Any CPU.ActiveCfg = Release|Any CPU
		{CF65DB0B-60F2-4018-B961-E2ED779AF912}.Release|Any CPU.Build.0 = Release|Any CPU
		{CF65DB0B-60F2-4018-B961-E2ED779AF912}.Release|x64.ActiveCfg = Release|Any CPU
		{CF65DB0B-60F2-4018-B961-E2ED779AF912}.Release|x64.Build.0 = Release|Any CPU
		{CF65DB0B-60F2-4018-B961-E2ED779AF912}.Release|x86.ActiveCfg = Release|Any CPU
		{CF65DB0B-60F2-4018-B961-E2ED779AF912}.Release|x86.Build.0 = Release|Any CPU
	EndGlobalSection
	GlobalSection(SolutionProperties) = preSolution
		HideSolutionNode = FALSE
	EndGlobalSection
	GlobalSection(ExtensibilityGlobals) = postSolution
		SolutionGuid = {26C1F218-CCFF-4537-94BA-3449346A7874}
	EndGlobalSection
EndGlobal
